
Microsoft Visual Studio Solution File, Format Version 12.00
# Visual Studio Version 17
VisualStudioVersion = 17.0.32014.148
MinimumVisualStudioVersion = 10.0.40219.1
Project("{9A19103F-16F7-4668-BE54-9A1E7A4F7556}") = "Web29-1", "Web29-1\Web29-1.csproj", "{791D175E-3005-4C75-B25C-D895128E7DCB}"
EndProject
Project("{FAE04EC0-301F-11D3-BF4B-00C04F79EFBC}") = "Shopsolution.Application", "Shopsolution.Application\Shopsolution.Application.csproj", "{4301F6C7-608B-4ED1-86BB-79B8B3416D5D}"
EndProject
Project("{FAE04EC0-301F-11D3-BF4B-00C04F79EFBC}") = "eShopsoluyion.Data", "eShopsoluyion.Data\eShopsoluyion.Data.csproj", "{486E8ABB-EA20-41D7-BA66-C201506755C6}"
EndProject
Global
	GlobalSection(SolutionConfigurationPlatforms) = preSolution
		Debug|Any CPU = Debug|Any CPU
		Release|Any CPU = Release|Any CPU
	EndGlobalSection
	GlobalSection(ProjectConfigurationPlatforms) = postSolution
		{791D175E-3005-4C75-B25C-D895128E7DCB}.Debug|Any CPU.ActiveCfg = Debug|Any CPU
		{791D175E-3005-4C75-B25C-D895128E7DCB}.Debug|Any CPU.Build.0 = Debug|Any CPU
		{791D175E-3005-4C75-B25C-D895128E7DCB}.Release|Any CPU.ActiveCfg = Release|Any CPU
		{791D175E-3005-4C75-B25C-D895128E7DCB}.Release|Any CPU.Build.0 = Release|Any CPU
		{4301F6C7-608B-4ED1-86BB-79B8B3416D5D}.Debug|Any CPU.ActiveCfg = Debug|Any CPU
		{4301F6C7-608B-4ED1-86BB-79B8B3416D5D}.Debug|Any CPU.Build.0 = Debug|Any CPU
		{4301F6C7-608B-4ED1-86BB-79B8B3416D5D}.Release|Any CPU.ActiveCfg = Release|Any CPU
		{4301F6C7-608B-4ED1-86BB-79B8B3416D5D}.Release|Any CPU.Build.0 = Release|Any CPU
		{486E8ABB-EA20-41D7-BA66-C201506755C6}.Debug|Any CPU.ActiveCfg = Debug|Any CPU
		{486E8ABB-EA20-41D7-BA66-C201506755C6}.Debug|Any CPU.Build.0 = Debug|Any CPU
		{486E8ABB-EA20-41D7-BA66-C201506755C6}.Release|Any CPU.ActiveCfg = Release|Any CPU
		{486E8ABB-EA20-41D7-BA66-C201506755C6}.Release|Any CPU.Build.0 = Release|Any CPU
	EndGlobalSection
	GlobalSection(SolutionProperties) = preSolution
		HideSolutionNode = FALSE
	EndGlobalSection
	GlobalSection(ExtensibilityGlobals) = postSolution
		SolutionGuid = {77DA5E97-5798-4BEE-8DDE-25AC1E4F582C}
	EndGlobalSection
EndGlobal
